
Microsoft Visual Studio Solution File, Format Version 12.00
# Visual Studio Version 16
VisualStudioVersion = 25.0.1705.7
MinimumVisualStudioVersion = 10.0.40219.1
Project("{FAE04EC0-301F-11D3-BF4B-00C04F79EFBC}") = "JokeApi", "JokeApi.csproj", "{1338B324-E515-45E4-BA65-A679CE408756}"
EndProject
Global
	GlobalSection(SolutionConfigurationPlatforms) = preSolution
		Debug|Any CPU = Debug|Any CPU
		Release|Any CPU = Release|Any CPU
	EndGlobalSection
	GlobalSection(ProjectConfigurationPlatforms) = postSolution
		{1338B324-E515-45E4-BA65-A679CE408756}.Debug|Any CPU.ActiveCfg = Debug|Any CPU
		{1338B324-E515-45E4-BA65-A679CE408756}.Debug|Any CPU.Build.0 = Debug|Any CPU
		{1338B324-E515-45E4-BA65-A679CE408756}.Release|Any CPU.ActiveCfg = Release|Any CPU
		{1338B324-E515-45E4-BA65-A679CE408756}.Release|Any CPU.Build.0 = Release|Any CPU
	EndGlobalSection
	GlobalSection(SolutionProperties) = preSolution
		HideSolutionNode = FALSE
	EndGlobalSection
	GlobalSection(ExtensibilityGlobals) = postSolution
		SolutionGuid = {E93670FE-3C20-47CB-9A3A-EA75E1B6EE43}
	EndGlobalSection
EndGlobal
